
Microsoft Visual Studio Solution File, Format Version 12.00
# Visual Studio 2012
Project("{8BC9CEB8-8B4A-11D0-8D11-00A0C91BC942}") = "DevilTest", "DevilTest\DevilTest.vcxproj", "{ABD94406-A59B-44B1-977C-4CF8C6B6C796}"
EndProject
Global
	GlobalSection(SolutionConfigurationPlatforms) = preSolution
		Debug|Win32 = Debug|Win32
		Release|Win32 = Release|Win32
	EndGlobalSection
	GlobalSection(ProjectConfigurationPlatforms) = postSolution
		{ABD94406-A59B-44B1-977C-4CF8C6B6C796}.Debug|Win32.ActiveCfg = Debug|Win32
		{ABD94406-A59B-44B1-977C-4CF8C6B6C796}.Debug|Win32.Build.0 = Debug|Win32
		{ABD94406-A59B-44B1-977C-4CF8C6B6C796}.Release|Win32.ActiveCfg = Release|Win32
		{ABD94406-A59B-44B1-977C-4CF8C6B6C796}.Release|Win32.Build.0 = Release|Win32
	EndGlobalSection
	GlobalSection(SolutionProperties) = preSolution
		HideSolutionNode = FALSE
	EndGlobalSection
EndGlobal
